%{"apex": {:hex, :apex, "0.3.1"},
  "bugsnag": {:hex, :bugsnag, "0.0.1"},
  "conform": {:hex, :conform, "0.10.5"},
  "cowboy": {:hex, :cowboy, "1.0.0"},
  "cowlib": {:hex, :cowlib, "1.0.0"},
  "earmark": {:hex, :earmark, "0.1.10"},
  "eredis": {:git, "git://github.com/wooga/eredis.git", "471dd471060daa1d98391cb69ae006f8ba79a042", [ref: "471dd"]},
  "ex_doc": {:git, "git://github.com/elixir-lang/ex_doc.git", "2ad9b2d9c27ea0a4a7838ad0e8715bb668309bcd", []},
  "exredis": {:git, "git://github.com/artemeff/exredis.git", "91891ddf7749274d57ee4ad413d3a91180fd029e", []},
  "exrm": {:hex, :exrm, "0.14.11"},
  "httpoison": {:hex, :httpoison, "0.3.2"},
  "jsex": {:hex, :jsex, "2.0.0"},
  "jsx": {:hex, :jsx, "2.1.1"},
  "linguist": {:hex, :linguist, "0.1.2"},
  "phoenix": {:hex, :phoenix, "0.4.1"},
  "plug": {:hex, :plug, "0.7.0"},
  "poison": {:hex, :poison, "1.1.1"},
  "ranch": {:hex, :ranch, "1.0.0"},
  "redis": {:git, "git://github.com/timbuchwaldt/elixir-redis.git", "dc2dbec61b603dee3fcb890352bdebd3a16ce758", [tag: '1.2.0']},
  "timex": {:hex, :timex, "0.12.9"}}
